Microsoft Visual Studio Solution File, Format Version 12.00
# Visual Studio Version 17
VisualStudioVersion = 17.5.2.0
MinimumVisualStudioVersion = 10.0.40219.1
Project("{FAE04EC0-301F-11D3-BF4B-00C04F79EFBC}") = "ProjectManagement.Api", "ProjectManagement.Api\ProjectManagement.Api.csproj", "{E2CB1ADB-55C5-559D-0110-0D38AF839885}"
EndProject
Global
	GlobalSection(SolutionConfigurationPlatforms) = preSolution
		Debug|Any CPU = Debug|Any CPU
		Release|Any CPU = Release|Any CPU
	EndGlobalSection
	GlobalSection(ProjectConfigurationPlatforms) = postSolution
		{E2CB1ADB-55C5-559D-0110-0D38AF839885}.Debug|Any CPU.ActiveCfg = Debug|Any CPU
		{E2CB1ADB-55C5-559D-0110-0D38AF839885}.Debug|Any CPU.Build.0 = Debug|Any CPU
		{E2CB1ADB-55C5-559D-0110-0D38AF839885}.Release|Any CPU.ActiveCfg = Release|Any CPU
		{E2CB1ADB-55C5-559D-0110-0D38AF839885}.Release|Any CPU.Build.0 = Release|Any CPU
	EndGlobalSection
	GlobalSection(SolutionProperties) = preSolution
		HideSolutionNode = FALSE
	EndGlobalSection
	GlobalSection(ExtensibilityGlobals) = postSolution
		SolutionGuid = {0C9AA6BA-0373-4AB1-93EE-756EF21FBAB7}
	EndGlobalSection
EndGlobal
